
Microsoft Visual Studio Solution File, Format Version 12.00
# Visual Studio 15
VisualStudioVersion = 15.0.27703.2042
MinimumVisualStudioVersion = 10.0.40219.1
Project("{9A19103F-16F7-4668-BE54-9A1E7A4F7556}") = "BrokerService.Api", "BrokerService.Api\BrokerService.Api.csproj", "{0BF937D2-EDCC-408C-B061-56581A737476}"
EndProject
Project("{9A19103F-16F7-4668-BE54-9A1E7A4F7556}") = "BrokerService.Libs", "BrokerService.Libs\BrokerService.Libs.csproj", "{CFF86023-E763-4B1B-8648-C08949A0A3DD}"
EndProject
Global
	GlobalSection(SolutionConfigurationPlatforms) = preSolution
		Debug|Any CPU = Debug|Any CPU
		Release|Any CPU = Release|Any CPU
	EndGlobalSection
	GlobalSection(ProjectConfigurationPlatforms) = postSolution
		{0BF937D2-EDCC-408C-B061-56581A737476}.Debug|Any CPU.ActiveCfg = Debug|Any CPU
		{0BF937D2-EDCC-408C-B061-56581A737476}.Debug|Any CPU.Build.0 = Debug|Any CPU
		{0BF937D2-EDCC-408C-B061-56581A737476}.Release|Any CPU.ActiveCfg = Release|Any CPU
		{0BF937D2-EDCC-408C-B061-56581A737476}.Release|Any CPU.Build.0 = Release|Any CPU
		{CFF86023-E763-4B1B-8648-C08949A0A3DD}.Debug|Any CPU.ActiveCfg = Debug|Any CPU
		{CFF86023-E763-4B1B-8648-C08949A0A3DD}.Debug|Any CPU.Build.0 = Debug|Any CPU
		{CFF86023-E763-4B1B-8648-C08949A0A3DD}.Release|Any CPU.ActiveCfg = Release|Any CPU
		{CFF86023-E763-4B1B-8648-C08949A0A3DD}.Release|Any CPU.Build.0 = Release|Any CPU
	EndGlobalSection
	GlobalSection(SolutionProperties) = preSolution
		HideSolutionNode = FALSE
	EndGlobalSection
	GlobalSection(ExtensibilityGlobals) = postSolution
		SolutionGuid = {241063E4-09D8-450A-8151-7856DEB16CCE}
	EndGlobalSection
EndGlobal
